# Test-only package architecture version SHA256 HTTPS-URL
# Exact versions retained from i386; all architectures independently pinned.
# Signed Ubuntu noble/noble-updates snapshot 20260910T000000Z.
binutils-x86-64-linux-gnu amd64 2.42-4ubuntu2.10 1e510a15f30208d39edcd840e48f26a77bbca7c417805eeccb1e3f7de198ef29 https://snapshot.ubuntu.com/ubuntu/20260910T000000Z/pool/main/b/binutils/binutils-x86-64-linux-gnu_2.42-4ubuntu2.10_amd64.deb
cmake amd64 3.28.3-1build7 4b0a7f8c0daf27b26b46997d994ae5d1ee7a3d11dfcda9f7627bb1462c162295 https://snapshot.ubuntu.com/ubuntu/20260910T000000Z/pool/main/c/cmake/cmake_3.28.3-1build7_amd64.deb
cmake-data all 3.28.3-1build7 20a3b644211ce82f35c24f1f5052199adeb0ac159978a8740fd6c0959611557f https://snapshot.ubuntu.com/ubuntu/20260910T000000Z/pool/main/c/cmake/cmake-data_3.28.3-1build7_all.deb
libacl1 amd64 2.3.2-1build1.1 f2bfd3f8f00413d5f1f04fc723063803c56ac0f1e0efae3bc41f2d7276972ec3 https://snapshot.ubuntu.com/ubuntu/20260910T000000Z/pool/main/a/acl/libacl1_2.3.2-1build1.1_amd64.deb
libarchive13t64 amd64 3.7.2-2ubuntu0.8 ba9684092d71656a3bfd909518c76cc15eefeef9cbac0a36a8cef5632c62f56f https://snapshot.ubuntu.com/ubuntu/20260910T000000Z/pool/main/liba/libarchive/libarchive13t64_3.7.2-2ubuntu0.8_amd64.deb
libbrotli1 amd64 1.1.0-2build2 74492419b8fda803774b8c9acef6afc5d2f9ff31782635aae212906adae7b277 https://snapshot.ubuntu.com/ubuntu/20260910T000000Z/pool/main/b/brotli/libbrotli1_1.1.0-2build2_amd64.deb
libbz2-1.0 amd64 1.0.8-5.1ubuntu0.1 36ee08b00b1ee5018b2fce02881b7d2d73c9b4e32990bde3388400d86c48126a https://snapshot.ubuntu.com/ubuntu/20260910T000000Z/pool/main/b/bzip2/libbz2-1.0_1.0.8-5.1ubuntu0.1_amd64.deb
libcom-err2 amd64 1.47.0-2.4~exp1ubuntu4.1 7ab24d3057dabf86db8f771ad6e43f073ed86b6b950d6e8ba22cb9fe6707bbc9 https://snapshot.ubuntu.com/ubuntu/20260910T000000Z/pool/main/e/e2fsprogs/libcom-err2_1.47.0-2.4~exp1ubuntu4.1_amd64.deb
libctf-nobfd0 amd64 2.42-4ubuntu2.10 da352eb7fa6c4369d2a6c1e5e680f574eda2e38576563326b18d9e47e61c4078 https://snapshot.ubuntu.com/ubuntu/20260910T000000Z/pool/main/b/binutils/libctf-nobfd0_2.42-4ubuntu2.10_amd64.deb
libcurl4t64 amd64 8.5.0-2ubuntu10.13 92347d034fdae018d67cab3cbe976255ec0ba936f57923241974bf3787addf04 https://snapshot.ubuntu.com/ubuntu/20260910T000000Z/pool/main/c/curl/libcurl4t64_8.5.0-2ubuntu10.13_amd64.deb
libexpat1 amd64 2.6.1-2ubuntu0.4 126a5612e652bdc2edee19ae8fe4308db72b5b3b0a5581bf885b44a093baf3e5 https://snapshot.ubuntu.com/ubuntu/20260910T000000Z/pool/main/e/expat/libexpat1_2.6.1-2ubuntu0.4_amd64.deb
libffi8 amd64 3.4.6-1build1 637e6a7744de08cd331a41f4efd0d24e6ea9064843dea9d1c6ca87bdb5f038a2 https://snapshot.ubuntu.com/ubuntu/20260910T000000Z/pool/main/libf/libffi/libffi8_3.4.6-1build1_amd64.deb
libgcc-s1 amd64 14.2.0-4ubuntu2~24.04.1 aa7fadbe33b78bcf99885318040601c550c208929565b179891d9a3cc2aa68cd https://snapshot.ubuntu.com/ubuntu/20260910T000000Z/pool/main/g/gcc-14/libgcc-s1_14.2.0-4ubuntu2~24.04.1_amd64.deb
libgmp10 amd64 2:6.3.0+dfsg-2ubuntu6.1 285f8a505dfa8e1b33f357a9d8d3477ad35bf18c0b34771a6df4c25923f3ae0d https://snapshot.ubuntu.com/ubuntu/20260910T000000Z/pool/main/g/gmp/libgmp10_6.3.0+dfsg-2ubuntu6.1_amd64.deb
libgnutls30t64 amd64 3.8.3-1.1ubuntu3.6 b8944756260c5ea6b7fac019745f931f905aa7a4df0763676b1b25c911b692e2 https://snapshot.ubuntu.com/ubuntu/20260910T000000Z/pool/main/g/gnutls28/libgnutls30t64_3.8.3-1.1ubuntu3.6_amd64.deb
libgssapi-krb5-2 amd64 1.20.1-6ubuntu2.8 6cd99ec16ae12eb465712f950e43eaf03a8d2a6ab24c00178df56470d5343b66 https://snapshot.ubuntu.com/ubuntu/20260910T000000Z/pool/main/k/krb5/libgssapi-krb5-2_1.20.1-6ubuntu2.8_amd64.deb
libhogweed6t64 amd64 3.9.1-2.2build1.1 a9b5f7e9d49ba9060e1c933567046fbc6feab6096799cbf550b7214dc9b0f49b https://snapshot.ubuntu.com/ubuntu/20260910T000000Z/pool/main/n/nettle/libhogweed6t64_3.9.1-2.2build1.1_amd64.deb
libicu74 amd64 74.2-1ubuntu3.1 c9a70989678660eed9a1e904c74fa043da8bec8e2036856fc16e31ced79b04f8 https://snapshot.ubuntu.com/ubuntu/20260910T000000Z/pool/main/i/icu/libicu74_74.2-1ubuntu3.1_amd64.deb
libidn2-0 amd64 2.3.7-2build1.1 46bfd10df095a23b65f58115de47a547c9a2d14627749bd0423ae78c14be77d3 https://snapshot.ubuntu.com/ubuntu/20260910T000000Z/pool/main/libi/libidn2/libidn2-0_2.3.7-2build1.1_amd64.deb
libjsoncpp25 amd64 1.9.5-6build1 8efea5b75952f3ad1c40e6b5b31de687c297ea29f87f8b63efebb55e13467211 https://snapshot.ubuntu.com/ubuntu/20260910T000000Z/pool/main/libj/libjsoncpp/libjsoncpp25_1.9.5-6build1_amd64.deb
libk5crypto3 amd64 1.20.1-6ubuntu2.8 48f689737191cfafaf3c158e9b07d6448f9e6217ad7abbaacc4f96dc95403fa2 https://snapshot.ubuntu.com/ubuntu/20260910T000000Z/pool/main/k/krb5/libk5crypto3_1.20.1-6ubuntu2.8_amd64.deb
libkeyutils1 amd64 1.6.3-3build1 0679f198b0128179e46cdf956fb2022c23c758664c00bc8efa0382d509683a8a https://snapshot.ubuntu.com/ubuntu/20260910T000000Z/pool/main/k/keyutils/libkeyutils1_1.6.3-3build1_amd64.deb
libkrb5-3 amd64 1.20.1-6ubuntu2.8 63ab8110daea359f55d8135d395de198257acb1f948500c561745addddfece4c https://snapshot.ubuntu.com/ubuntu/20260910T000000Z/pool/main/k/krb5/libkrb5-3_1.20.1-6ubuntu2.8_amd64.deb
libkrb5support0 amd64 1.20.1-6ubuntu2.8 cee1efc93d4ce4a97db756269824b5a2b90d2cb993cd76102432db60890819fc https://snapshot.ubuntu.com/ubuntu/20260910T000000Z/pool/main/k/krb5/libkrb5support0_1.20.1-6ubuntu2.8_amd64.deb
libldap2 amd64 2.6.10+dfsg-0ubuntu0.24.04.1 7f3f8e565401256f21d5aa562c9f92dbb63537b73aaea6283e4db5264f1598f4 https://snapshot.ubuntu.com/ubuntu/20260910T000000Z/pool/main/o/openldap/libldap2_2.6.10+dfsg-0ubuntu0.24.04.1_amd64.deb
liblz4-1 amd64 1.9.4-1build1.1 319331270d5cc52d5ebffe51c941d7b01b432bc402c2924b557209a64d4ecbad https://snapshot.ubuntu.com/ubuntu/20260910T000000Z/pool/main/l/lz4/liblz4-1_1.9.4-1build1.1_amd64.deb
liblzma5 amd64 5.6.1+really5.4.5-1ubuntu0.3 d2eabd41ca77d2c2dd9d5d4ef478cccb64ffde6279c47cf4699a857d46785a52 https://snapshot.ubuntu.com/ubuntu/20260910T000000Z/pool/main/x/xz-utils/liblzma5_5.6.1+really5.4.5-1ubuntu0.3_amd64.deb
libnettle8t64 amd64 3.9.1-2.2build1.1 6d97fbc1972633083f08f51ccab433606c97bbceb897c631c66495117ca3406f https://snapshot.ubuntu.com/ubuntu/20260910T000000Z/pool/main/n/nettle/libnettle8t64_3.9.1-2.2build1.1_amd64.deb
libnghttp2-14 amd64 1.59.0-1ubuntu0.4 73adcbb9df32cd7c9d46b1c7598bbbbcf249be705d62d966694cfc9976a15dfe https://snapshot.ubuntu.com/ubuntu/20260910T000000Z/pool/main/n/nghttp2/libnghttp2-14_1.59.0-1ubuntu0.4_amd64.deb
libp11-kit0 amd64 0.25.3-4ubuntu2.2 e7c58aeac19d89f5f1492dfaa52b8623bcd56edc40983f5243ad56d94f477bf2 https://snapshot.ubuntu.com/ubuntu/20260910T000000Z/pool/main/p/p11-kit/libp11-kit0_0.25.3-4ubuntu2.2_amd64.deb
libpsl5t64 amd64 0.21.2-1.1build1 a6c85d1303ae90b6a3209d73c4f047f82c27cdc963c48adfd95dd7abca64f039 https://snapshot.ubuntu.com/ubuntu/20260910T000000Z/pool/main/libp/libpsl/libpsl5t64_0.21.2-1.1build1_amd64.deb
librhash0 amd64 1.4.3-3build1 e9ee69963ff1a56378b9c5ffdd21ea0feaec9647c522349b7612b25103490528 https://snapshot.ubuntu.com/ubuntu/20260910T000000Z/pool/main/r/rhash/librhash0_1.4.3-3build1_amd64.deb
librtmp1 amd64 2.4+20151223.gitfa8646d.1-2build7 967a39dbc14236d1580ede01d80fd78444668572e716734e1ac66c175052594e https://snapshot.ubuntu.com/ubuntu/20260910T000000Z/pool/main/r/rtmpdump/librtmp1_2.4+20151223.gitfa8646d.1-2build7_amd64.deb
libsasl2-2 amd64 2.1.28+dfsg1-5ubuntu3.1 eda097f98dcb3a08b9ce157d6191d140e4885c1cba47b683c94b8ca45e88f458 https://snapshot.ubuntu.com/ubuntu/20260910T000000Z/pool/main/c/cyrus-sasl2/libsasl2-2_2.1.28+dfsg1-5ubuntu3.1_amd64.deb
libsframe1 amd64 2.42-4ubuntu2.10 72093fb456864db55f1352bfa5e952a94f7abaff64e71dff1fbf001db1984564 https://snapshot.ubuntu.com/ubuntu/20260910T000000Z/pool/main/b/binutils/libsframe1_2.42-4ubuntu2.10_amd64.deb
libssh-4 amd64 0.10.6-2ubuntu0.5 2448ce5f99e49721d12f8b227f2472dd08ed7a78184dd819fd03a42693024a16 https://snapshot.ubuntu.com/ubuntu/20260910T000000Z/pool/main/libs/libssh/libssh-4_0.10.6-2ubuntu0.5_amd64.deb
libssl3t64 amd64 3.0.13-0ubuntu3.15 3d0955bc049bbcca0f4c3e78a3a8b994593d96db7d84f4320217224433844534 https://snapshot.ubuntu.com/ubuntu/20260910T000000Z/pool/main/o/openssl/libssl3t64_3.0.13-0ubuntu3.15_amd64.deb
libstdc++6 amd64 14.2.0-4ubuntu2~24.04.1 a51f8de7829211db961a31f02158058ad1a95f92ac6d0a5dff6350e2821c54c0 https://snapshot.ubuntu.com/ubuntu/20260910T000000Z/pool/main/g/gcc-14/libstdc++6_14.2.0-4ubuntu2~24.04.1_amd64.deb
libtasn1-6 amd64 4.19.0-3ubuntu0.24.04.2 f82c9ad142f952ea523bda5bfca7bb0802af3a50b8c0f0dd9ec18cdfa104bde7 https://snapshot.ubuntu.com/ubuntu/20260910T000000Z/pool/main/libt/libtasn1-6/libtasn1-6_4.19.0-3ubuntu0.24.04.2_amd64.deb
libunistring5 amd64 1.1-2build1.1 203d7657b5f54633fba1a9c9b784d556ef83c9f6787b3185ba55a88e07b865a3 https://snapshot.ubuntu.com/ubuntu/20260910T000000Z/pool/main/libu/libunistring/libunistring5_1.1-2build1.1_amd64.deb
libuv1t64 amd64 1.48.0-1.1build1 72a1856b30af1e533494ab90742a2446f4491b15ddebcade6661a6e8d61b4359 https://snapshot.ubuntu.com/ubuntu/20260910T000000Z/pool/main/libu/libuv1/libuv1t64_1.48.0-1.1build1_amd64.deb
libxml2 amd64 2.9.14+dfsg-1.3ubuntu3.8 bfd07c01d6e5ab3e327f3ca5819409b1914bbfb3f1a016d53e4dabd5f96143bb https://snapshot.ubuntu.com/ubuntu/20260910T000000Z/pool/main/libx/libxml2/libxml2_2.9.14+dfsg-1.3ubuntu3.8_amd64.deb
libzstd1 amd64 1.5.5+dfsg2-2build1.1 dfcf25061e07aad7efd3f4f880ba5ad4d4d09ebe7fc8cc77ab6b8a161d6d4727 https://snapshot.ubuntu.com/ubuntu/20260910T000000Z/pool/main/libz/libzstd/libzstd1_1.5.5+dfsg2-2build1.1_amd64.deb
make amd64 4.3-4.1build2 1fe6a815b56c7b6e9ce4086a363f09444bbd0a0d30e230c453d0b78e44b57a99 https://snapshot.ubuntu.com/ubuntu/20260910T000000Z/pool/main/m/make-dfsg/make_4.3-4.1build2_amd64.deb
zlib1g amd64 1:1.3.dfsg-3.1ubuntu2.2 84b9cf5752b29c9f92c27cd4c4ba9bbcc70b5ccf9b1b515421a28ae23212e273 https://snapshot.ubuntu.com/ubuntu/20260910T000000Z/pool/main/z/zlib/zlib1g_1.3.dfsg-3.1ubuntu2.2_amd64.deb
binutils-i686-linux-gnu i386 2.42-4ubuntu2.10 a177535e6713753ab4b579c1b5a357d8b729e764a25e0b9597730f25452f2607 https://snapshot.ubuntu.com/ubuntu/20260910T000000Z/pool/main/b/binutils/binutils-i686-linux-gnu_2.42-4ubuntu2.10_i386.deb
cmake i386 3.28.3-1build7 75a75ff5256f12c4ce65d241986f23d8121942a577b630df84dc5962fde7890c https://snapshot.ubuntu.com/ubuntu/20260910T000000Z/pool/main/c/cmake/cmake_3.28.3-1build7_i386.deb
libacl1 i386 2.3.2-1build1.1 cea433cef1794564f07cdc07de4bf56f7fcdb9ebb3ceb2592dd89002181e0795 https://snapshot.ubuntu.com/ubuntu/20260910T000000Z/pool/main/a/acl/libacl1_2.3.2-1build1.1_i386.deb
libarchive13t64 i386 3.7.2-2ubuntu0.8 207ac453da57f4ce3f2a2319ea73bbef9a642493dfebb7953c03e2866dc19875 https://snapshot.ubuntu.com/ubuntu/20260910T000000Z/pool/main/liba/libarchive/libarchive13t64_3.7.2-2ubuntu0.8_i386.deb
libbrotli1 i386 1.1.0-2build2 4771011aa83c0a09e3841b4f8642a4243ea6bd9a1f38f208c4a7831a39500335 https://snapshot.ubuntu.com/ubuntu/20260910T000000Z/pool/main/b/brotli/libbrotli1_1.1.0-2build2_i386.deb
libbz2-1.0 i386 1.0.8-5.1ubuntu0.1 d112e23c03c49a3dcb5859fafd855cf968b0115c1c146c2fa9209ba7e7c27dd3 https://snapshot.ubuntu.com/ubuntu/20260910T000000Z/pool/main/b/bzip2/libbz2-1.0_1.0.8-5.1ubuntu0.1_i386.deb
libcom-err2 i386 1.47.0-2.4~exp1ubuntu4.1 2f1645a9d17c9bcdf4b23faef3a50ec337201a615df451431cda60442ba91253 https://snapshot.ubuntu.com/ubuntu/20260910T000000Z/pool/main/e/e2fsprogs/libcom-err2_1.47.0-2.4~exp1ubuntu4.1_i386.deb
libctf-nobfd0 i386 2.42-4ubuntu2.10 ea882cae7502ec41612441305b23641441c9c8ff7569ed324e9efbfab6c99ead https://snapshot.ubuntu.com/ubuntu/20260910T000000Z/pool/main/b/binutils/libctf-nobfd0_2.42-4ubuntu2.10_i386.deb
libcurl4t64 i386 8.5.0-2ubuntu10.13 08cf5ba913e517d7b1c66777a1a015d1ca5919b2464fd858e8553c4986f81d0d https://snapshot.ubuntu.com/ubuntu/20260910T000000Z/pool/main/c/curl/libcurl4t64_8.5.0-2ubuntu10.13_i386.deb
libexpat1 i386 2.6.1-2ubuntu0.4 b6bb2203d8b8888cf359fafe4c9d505fd383b236850878251f7ae67dd1ddaf73 https://snapshot.ubuntu.com/ubuntu/20260910T000000Z/pool/main/e/expat/libexpat1_2.6.1-2ubuntu0.4_i386.deb
libffi8 i386 3.4.6-1build1 8f16d0a794a9cadb910171b65119ec767fce0850ec8cd0212f7f4f31d528d44f https://snapshot.ubuntu.com/ubuntu/20260910T000000Z/pool/main/libf/libffi/libffi8_3.4.6-1build1_i386.deb
libgcc-s1 i386 14.2.0-4ubuntu2~24.04.1 40879f5dae85f90837ce882527bb85e388fa0e57f7ec4fba2060f1d24ce3dbb7 https://snapshot.ubuntu.com/ubuntu/20260910T000000Z/pool/main/g/gcc-14/libgcc-s1_14.2.0-4ubuntu2~24.04.1_i386.deb
libgmp10 i386 2:6.3.0+dfsg-2ubuntu6.1 4a2e46c92bae850790c5983b159e6bf8919eea0ad5197c0ea532609305f9636e https://snapshot.ubuntu.com/ubuntu/20260910T000000Z/pool/main/g/gmp/libgmp10_6.3.0+dfsg-2ubuntu6.1_i386.deb
libgnutls30t64 i386 3.8.3-1.1ubuntu3.6 efa56ce2bd14257b43a7b0588b75676a46d50a974af03150ad23fec5351ed1ef https://snapshot.ubuntu.com/ubuntu/20260910T000000Z/pool/main/g/gnutls28/libgnutls30t64_3.8.3-1.1ubuntu3.6_i386.deb
libgssapi-krb5-2 i386 1.20.1-6ubuntu2.8 eff6dc99e5d9785c9557547899b98c27f55b0d44fd1164311e5de5f16bd93627 https://snapshot.ubuntu.com/ubuntu/20260910T000000Z/pool/main/k/krb5/libgssapi-krb5-2_1.20.1-6ubuntu2.8_i386.deb
libhogweed6t64 i386 3.9.1-2.2build1.1 ec2b02ed50db01050de021ebef1a6b760f3ac9393f89e25459bbcf580dff7302 https://snapshot.ubuntu.com/ubuntu/20260910T000000Z/pool/main/n/nettle/libhogweed6t64_3.9.1-2.2build1.1_i386.deb
libicu74 i386 74.2-1ubuntu3.1 034d5efa522c96674969971c5bfe36e00fbc3b08dd33e93a7603141f91bef516 https://snapshot.ubuntu.com/ubuntu/20260910T000000Z/pool/main/i/icu/libicu74_74.2-1ubuntu3.1_i386.deb
libidn2-0 i386 2.3.7-2build1.1 2f5f779b74f628ef962c110e94082b4ab17f2a53a9f5c4abd0d7cb81d43aaea7 https://snapshot.ubuntu.com/ubuntu/20260910T000000Z/pool/main/libi/libidn2/libidn2-0_2.3.7-2build1.1_i386.deb
libjsoncpp25 i386 1.9.5-6build1 4f3fa0c319146ee98241b0f08c19215cf4f29b21404d53e8b892b09e4c28bb25 https://snapshot.ubuntu.com/ubuntu/20260910T000000Z/pool/main/libj/libjsoncpp/libjsoncpp25_1.9.5-6build1_i386.deb
libk5crypto3 i386 1.20.1-6ubuntu2.8 a2065cda935234d60b07431791c86470d4bdaed46807c9d4d4e9e3f9fedd32f9 https://snapshot.ubuntu.com/ubuntu/20260910T000000Z/pool/main/k/krb5/libk5crypto3_1.20.1-6ubuntu2.8_i386.deb
libkeyutils1 i386 1.6.3-3build1 3361b0a438944c225b5ddf2b61f04004b19145eade8e3b9cba483771d7dea4d3 https://snapshot.ubuntu.com/ubuntu/20260910T000000Z/pool/main/k/keyutils/libkeyutils1_1.6.3-3build1_i386.deb
libkrb5-3 i386 1.20.1-6ubuntu2.8 68268ca9d15e32cec360ae03af4d666fde7ed6d557749fd3de075cc05d105176 https://snapshot.ubuntu.com/ubuntu/20260910T000000Z/pool/main/k/krb5/libkrb5-3_1.20.1-6ubuntu2.8_i386.deb
libkrb5support0 i386 1.20.1-6ubuntu2.8 05bec5bd75152df6651720112178e09d809246aa0089c89a7c9ad3d454c77ebc https://snapshot.ubuntu.com/ubuntu/20260910T000000Z/pool/main/k/krb5/libkrb5support0_1.20.1-6ubuntu2.8_i386.deb
libldap2 i386 2.6.10+dfsg-0ubuntu0.24.04.1 0f13579436d609134bf6b337cd57e217362b49bce42af22a45f11b6c0331df40 https://snapshot.ubuntu.com/ubuntu/20260910T000000Z/pool/main/o/openldap/libldap2_2.6.10+dfsg-0ubuntu0.24.04.1_i386.deb
liblz4-1 i386 1.9.4-1build1.1 e096bf00e5f2551d2d88df3f8ae0e5743170035ce9e96065a2b6cfa584a88b93 https://snapshot.ubuntu.com/ubuntu/20260910T000000Z/pool/main/l/lz4/liblz4-1_1.9.4-1build1.1_i386.deb
liblzma5 i386 5.6.1+really5.4.5-1ubuntu0.3 c9bb67bd5a43a42d1730518ee40ff80b413e48676b62352208119e3bfec39de2 https://snapshot.ubuntu.com/ubuntu/20260910T000000Z/pool/main/x/xz-utils/liblzma5_5.6.1+really5.4.5-1ubuntu0.3_i386.deb
libnettle8t64 i386 3.9.1-2.2build1.1 6f5a7b0f274097788aabc6e298583872c5eb482e967cc56281d75d4305b23086 https://snapshot.ubuntu.com/ubuntu/20260910T000000Z/pool/main/n/nettle/libnettle8t64_3.9.1-2.2build1.1_i386.deb
libnghttp2-14 i386 1.59.0-1ubuntu0.4 0ec0a5de6d576837207b035e30e4d74781306cca63286f23a81e6726be3797ba https://snapshot.ubuntu.com/ubuntu/20260910T000000Z/pool/main/n/nghttp2/libnghttp2-14_1.59.0-1ubuntu0.4_i386.deb
libp11-kit0 i386 0.25.3-4ubuntu2.2 e525982c2bddcefce008f50ad25582151b7c55c62dacc1f7560d10d95c201635 https://snapshot.ubuntu.com/ubuntu/20260910T000000Z/pool/main/p/p11-kit/libp11-kit0_0.25.3-4ubuntu2.2_i386.deb
libpsl5t64 i386 0.21.2-1.1build1 88c889ae22210b6b7317b5c0bd4e0ab53e3f7b3030d80e16ee62aa1687353c76 https://snapshot.ubuntu.com/ubuntu/20260910T000000Z/pool/main/libp/libpsl/libpsl5t64_0.21.2-1.1build1_i386.deb
librhash0 i386 1.4.3-3build1 78e845c0dcd447fd1a50a6597cd5a65d091fa4800defc647ad84cd72ca0d257a https://snapshot.ubuntu.com/ubuntu/20260910T000000Z/pool/main/r/rhash/librhash0_1.4.3-3build1_i386.deb
librtmp1 i386 2.4+20151223.gitfa8646d.1-2build7 9452e916fc8381a5c130a9e13000dbafd046c701bb8594e8d4a0b9e84a03c993 https://snapshot.ubuntu.com/ubuntu/20260910T000000Z/pool/main/r/rtmpdump/librtmp1_2.4+20151223.gitfa8646d.1-2build7_i386.deb
libsasl2-2 i386 2.1.28+dfsg1-5ubuntu3.1 3eef06af7cace7b74cae67027e77c165b0610429f1a97bd46131a4695a83d1f1 https://snapshot.ubuntu.com/ubuntu/20260910T000000Z/pool/main/c/cyrus-sasl2/libsasl2-2_2.1.28+dfsg1-5ubuntu3.1_i386.deb
libsframe1 i386 2.42-4ubuntu2.10 fa01ec962aac6ff44b0b3a3084bbf1b5672aaea85b3fda8ce6d98cc75a061aef https://snapshot.ubuntu.com/ubuntu/20260910T000000Z/pool/main/b/binutils/libsframe1_2.42-4ubuntu2.10_i386.deb
libssh-4 i386 0.10.6-2ubuntu0.5 3fc8c5a36d6b081419b58758ac0ecc8d4b8ab6a84f7d0ec14977feaca6dfbba7 https://snapshot.ubuntu.com/ubuntu/20260910T000000Z/pool/main/libs/libssh/libssh-4_0.10.6-2ubuntu0.5_i386.deb
libssl3t64 i386 3.0.13-0ubuntu3.15 38f2b69835d5915452093f0cba5d1bde61aee3ec9dfc45b78b0c0366f6d4814c https://snapshot.ubuntu.com/ubuntu/20260910T000000Z/pool/main/o/openssl/libssl3t64_3.0.13-0ubuntu3.15_i386.deb
libstdc++6 i386 14.2.0-4ubuntu2~24.04.1 899d77d8b4876f545bd362f60cb4aa0263a8033777e9ecca4742c890c4c54a68 https://snapshot.ubuntu.com/ubuntu/20260910T000000Z/pool/main/g/gcc-14/libstdc++6_14.2.0-4ubuntu2~24.04.1_i386.deb
libtasn1-6 i386 4.19.0-3ubuntu0.24.04.2 78203d5856efd28c9b0d96626b4756497cdb44349089ae61f7bd040cf4be7977 https://snapshot.ubuntu.com/ubuntu/20260910T000000Z/pool/main/libt/libtasn1-6/libtasn1-6_4.19.0-3ubuntu0.24.04.2_i386.deb
libunistring5 i386 1.1-2build1.1 806416affacc7e88f4327e0435b9c3b285eda50f39d3c6bfb6ada65f2741fb54 https://snapshot.ubuntu.com/ubuntu/20260910T000000Z/pool/main/libu/libunistring/libunistring5_1.1-2build1.1_i386.deb
libuv1t64 i386 1.48.0-1.1build1 5dbc4ca20ee7995f466ad9dffa822d20c524d595be8bfe4fdc0344886284e2f7 https://snapshot.ubuntu.com/ubuntu/20260910T000000Z/pool/main/libu/libuv1/libuv1t64_1.48.0-1.1build1_i386.deb
libxml2 i386 2.9.14+dfsg-1.3ubuntu3.8 bffd74683859a2237603b2275c14d6eda9340395b5af2dae4ef1938ee94009cd https://snapshot.ubuntu.com/ubuntu/20260910T000000Z/pool/main/libx/libxml2/libxml2_2.9.14+dfsg-1.3ubuntu3.8_i386.deb
libzstd1 i386 1.5.5+dfsg2-2build1.1 9fad638b06c300c4d3645864446116635e74a15042e87693f15802b914a1b45c https://snapshot.ubuntu.com/ubuntu/20260910T000000Z/pool/main/libz/libzstd/libzstd1_1.5.5+dfsg2-2build1.1_i386.deb
make i386 4.3-4.1build2 d9832ec1da4c828617fc27082aa6067ca2d5a4ff5c772c9de959da9b1ccfd13c https://snapshot.ubuntu.com/ubuntu/20260910T000000Z/pool/main/m/make-dfsg/make_4.3-4.1build2_i386.deb
zlib1g i386 1:1.3.dfsg-3.1ubuntu2.2 9f55e910e56efb27ce25ae5b6711bef6a6166f3f9c32b433695e5e1cd200a70c https://snapshot.ubuntu.com/ubuntu/20260910T000000Z/pool/main/z/zlib/zlib1g_1.3.dfsg-3.1ubuntu2.2_i386.deb
binutils-arm-linux-gnueabihf armhf 2.42-4ubuntu2.10 034ea75d3bda80c055baa6015ba41efe6610a0be6a86f88c9e6008a78cf5bb49 https://snapshot.ubuntu.com/ubuntu/20260910T000000Z/pool/main/b/binutils/binutils-arm-linux-gnueabihf_2.42-4ubuntu2.10_armhf.deb
cmake armhf 3.28.3-1build7 426198885e23ab66caa79eabeba240d770932ea91bd85d3f6e3d57d454620b1f https://snapshot.ubuntu.com/ubuntu/20260910T000000Z/pool/main/c/cmake/cmake_3.28.3-1build7_armhf.deb
libacl1 armhf 2.3.2-1build1.1 bb451b039adb215fe54ed38846a83b8bf54a5cfcff6c6a857f32c18dedaf7764 https://snapshot.ubuntu.com/ubuntu/20260910T000000Z/pool/main/a/acl/libacl1_2.3.2-1build1.1_armhf.deb
libarchive13t64 armhf 3.7.2-2ubuntu0.8 4c0e1eb5f037b323c8dcc3ea49e03243cd4412160c76079ef3903b6cd80591b8 https://snapshot.ubuntu.com/ubuntu/20260910T000000Z/pool/main/liba/libarchive/libarchive13t64_3.7.2-2ubuntu0.8_armhf.deb
libbrotli1 armhf 1.1.0-2build2 8b4c16ae8241e121c408810a984bb5740a7a69ddfcb569b15313a3261050253f https://snapshot.ubuntu.com/ubuntu/20260910T000000Z/pool/main/b/brotli/libbrotli1_1.1.0-2build2_armhf.deb
libbz2-1.0 armhf 1.0.8-5.1ubuntu0.1 058331379bcb5a735e5506b75c098c62e2de203836618972806335ebb9624354 https://snapshot.ubuntu.com/ubuntu/20260910T000000Z/pool/main/b/bzip2/libbz2-1.0_1.0.8-5.1ubuntu0.1_armhf.deb
libcom-err2 armhf 1.47.0-2.4~exp1ubuntu4.1 52f1ceac4229617072a912ea52ed9c2622ecbbf0846eb103e2937b8b1c658eb9 https://snapshot.ubuntu.com/ubuntu/20260910T000000Z/pool/main/e/e2fsprogs/libcom-err2_1.47.0-2.4~exp1ubuntu4.1_armhf.deb
libctf-nobfd0 armhf 2.42-4ubuntu2.10 537a38c659b55243ace31745a335dbf54e782ac74d40b27758f64468d9f3abc6 https://snapshot.ubuntu.com/ubuntu/20260910T000000Z/pool/main/b/binutils/libctf-nobfd0_2.42-4ubuntu2.10_armhf.deb
libcurl4t64 armhf 8.5.0-2ubuntu10.13 fbc7f031c32046a115cf0e8b1cb8934cc0ea33162b8ece9d19a185a3b79228da https://snapshot.ubuntu.com/ubuntu/20260910T000000Z/pool/main/c/curl/libcurl4t64_8.5.0-2ubuntu10.13_armhf.deb
libexpat1 armhf 2.6.1-2ubuntu0.4 a494a8b7274981e9f57811fa39b146503a635aa6204039ee45b0a4db79d28931 https://snapshot.ubuntu.com/ubuntu/20260910T000000Z/pool/main/e/expat/libexpat1_2.6.1-2ubuntu0.4_armhf.deb
libffi8 armhf 3.4.6-1build1 a5af6885f9b3f5e2910c767c74824c6415eeaaa54181bdfb31bdc6d481fc2bba https://snapshot.ubuntu.com/ubuntu/20260910T000000Z/pool/main/libf/libffi/libffi8_3.4.6-1build1_armhf.deb
libgcc-s1 armhf 14.2.0-4ubuntu2~24.04.1 0d1e93162ffa3d369e2b2452b5d4a98b298a9f64311de237d0080e46e6b72dac https://snapshot.ubuntu.com/ubuntu/20260910T000000Z/pool/main/g/gcc-14/libgcc-s1_14.2.0-4ubuntu2~24.04.1_armhf.deb
libgmp10 armhf 2:6.3.0+dfsg-2ubuntu6.1 877f2c70514c6649f840a88e40af653b3b8561ca0ceacfa05ee22054b2e6c4ca https://snapshot.ubuntu.com/ubuntu/20260910T000000Z/pool/main/g/gmp/libgmp10_6.3.0+dfsg-2ubuntu6.1_armhf.deb
libgnutls30t64 armhf 3.8.3-1.1ubuntu3.6 4c4fc3d98ea6483ee0ca271faeceabe86e8785acb8fe90a7ccf3f7d3ed7779a2 https://snapshot.ubuntu.com/ubuntu/20260910T000000Z/pool/main/g/gnutls28/libgnutls30t64_3.8.3-1.1ubuntu3.6_armhf.deb
libgssapi-krb5-2 armhf 1.20.1-6ubuntu2.8 3f2d9682fa6d9434f161cc78f2b7efd0feeddee714c4fd140e248fb4a6b7695c https://snapshot.ubuntu.com/ubuntu/20260910T000000Z/pool/main/k/krb5/libgssapi-krb5-2_1.20.1-6ubuntu2.8_armhf.deb
libhogweed6t64 armhf 3.9.1-2.2build1.1 a43890a20b824fe881fb30c45a986847536136643a7ebba35e7e639aafeada55 https://snapshot.ubuntu.com/ubuntu/20260910T000000Z/pool/main/n/nettle/libhogweed6t64_3.9.1-2.2build1.1_armhf.deb
libicu74 armhf 74.2-1ubuntu3.1 194762b6dce9c01e16fb047817d050e7be29482466f33c396fc9a4826261f63a https://snapshot.ubuntu.com/ubuntu/20260910T000000Z/pool/main/i/icu/libicu74_74.2-1ubuntu3.1_armhf.deb
libidn2-0 armhf 2.3.7-2build1.1 8a61cf61607d25bbb2f8f822e50ff470cd0893c695b13ebc19f407f05857837b https://snapshot.ubuntu.com/ubuntu/20260910T000000Z/pool/main/libi/libidn2/libidn2-0_2.3.7-2build1.1_armhf.deb
libjsoncpp25 armhf 1.9.5-6build1 3ceb8a344d41237ad299c9291ab60492b1a30110d5f11a56efb555819bc4a523 https://snapshot.ubuntu.com/ubuntu/20260910T000000Z/pool/main/libj/libjsoncpp/libjsoncpp25_1.9.5-6build1_armhf.deb
libk5crypto3 armhf 1.20.1-6ubuntu2.8 b390d36c72938aae752dee8cf8e4dc70d08392c6c341902827256838fc9d80c4 https://snapshot.ubuntu.com/ubuntu/20260910T000000Z/pool/main/k/krb5/libk5crypto3_1.20.1-6ubuntu2.8_armhf.deb
libkeyutils1 armhf 1.6.3-3build1 b7fbdce39f4c1e509936a58bb7dd16030e401afc8da8917b855ca77fb91d3a38 https://snapshot.ubuntu.com/ubuntu/20260910T000000Z/pool/main/k/keyutils/libkeyutils1_1.6.3-3build1_armhf.deb
libkrb5-3 armhf 1.20.1-6ubuntu2.8 99d5ee1d31103fe9daa6ed0fa5e62f0b9fd9d5c0409b38eef48dd929d8589936 https://snapshot.ubuntu.com/ubuntu/20260910T000000Z/pool/main/k/krb5/libkrb5-3_1.20.1-6ubuntu2.8_armhf.deb
libkrb5support0 armhf 1.20.1-6ubuntu2.8 55130f68ead681d50116564bbd4040bb603ca6269544bc4964fe3b9db29daf55 https://snapshot.ubuntu.com/ubuntu/20260910T000000Z/pool/main/k/krb5/libkrb5support0_1.20.1-6ubuntu2.8_armhf.deb
libldap2 armhf 2.6.10+dfsg-0ubuntu0.24.04.1 3e412e6ecf85a3ac4296171ae682c496c313c6b8890269f900aa8b34a20315cd https://snapshot.ubuntu.com/ubuntu/20260910T000000Z/pool/main/o/openldap/libldap2_2.6.10+dfsg-0ubuntu0.24.04.1_armhf.deb
liblz4-1 armhf 1.9.4-1build1.1 1dcf3be4ce0b0a020833c95e0b00d9809141fc593dba91150735bb3bde875cf8 https://snapshot.ubuntu.com/ubuntu/20260910T000000Z/pool/main/l/lz4/liblz4-1_1.9.4-1build1.1_armhf.deb
liblzma5 armhf 5.6.1+really5.4.5-1ubuntu0.3 55652dbd67da7e5d6311c56876eaaba639f8518f12cc3a767a2669a13d6149b6 https://snapshot.ubuntu.com/ubuntu/20260910T000000Z/pool/main/x/xz-utils/liblzma5_5.6.1+really5.4.5-1ubuntu0.3_armhf.deb
libnettle8t64 armhf 3.9.1-2.2build1.1 230be2cdc84a7fba2f2f34fba2aa24ed0b3a1b935e75cf8b783e3612037cb7fc https://snapshot.ubuntu.com/ubuntu/20260910T000000Z/pool/main/n/nettle/libnettle8t64_3.9.1-2.2build1.1_armhf.deb
libnghttp2-14 armhf 1.59.0-1ubuntu0.4 2a658253598479cf19fdef59742d2031f0265291ceae69bec876b5407d740628 https://snapshot.ubuntu.com/ubuntu/20260910T000000Z/pool/main/n/nghttp2/libnghttp2-14_1.59.0-1ubuntu0.4_armhf.deb
libp11-kit0 armhf 0.25.3-4ubuntu2.2 5651e20ebc66d4a1e519e0e9cf5284e5a1634607a88ae390ff0ff1dad0daddfc https://snapshot.ubuntu.com/ubuntu/20260910T000000Z/pool/main/p/p11-kit/libp11-kit0_0.25.3-4ubuntu2.2_armhf.deb
libpsl5t64 armhf 0.21.2-1.1build1 9ed577a6db417284c845dbf5c1d41b3cd2ece8589e588f16a613833ea3636dbd https://snapshot.ubuntu.com/ubuntu/20260910T000000Z/pool/main/libp/libpsl/libpsl5t64_0.21.2-1.1build1_armhf.deb
librhash0 armhf 1.4.3-3build1 32489c17ffcf6d1e84e7d4d2ee6519656c60069aeecbc3c77c5680c1c1ce5dc7 https://snapshot.ubuntu.com/ubuntu/20260910T000000Z/pool/main/r/rhash/librhash0_1.4.3-3build1_armhf.deb
librtmp1 armhf 2.4+20151223.gitfa8646d.1-2build7 26a0dea37af5f66e05b62811522699a5f234a23c439f36c0519927cf338cf3d4 https://snapshot.ubuntu.com/ubuntu/20260910T000000Z/pool/main/r/rtmpdump/librtmp1_2.4+20151223.gitfa8646d.1-2build7_armhf.deb
libsasl2-2 armhf 2.1.28+dfsg1-5ubuntu3.1 785f45f1a517504d3e1f933ec39932093efe11e36035d8c44945125970ffbc61 https://snapshot.ubuntu.com/ubuntu/20260910T000000Z/pool/main/c/cyrus-sasl2/libsasl2-2_2.1.28+dfsg1-5ubuntu3.1_armhf.deb
libsframe1 armhf 2.42-4ubuntu2.10 07755e14557b7eca9b00c909e5b47310d7a9c5a99b7a2d4df20f58d5cef2bdfa https://snapshot.ubuntu.com/ubuntu/20260910T000000Z/pool/main/b/binutils/libsframe1_2.42-4ubuntu2.10_armhf.deb
libssh-4 armhf 0.10.6-2ubuntu0.5 a9598ed5edf857b34c9fde770bc78d22f69be6fa6cc0ce60bbd7604e881b0069 https://snapshot.ubuntu.com/ubuntu/20260910T000000Z/pool/main/libs/libssh/libssh-4_0.10.6-2ubuntu0.5_armhf.deb
libssl3t64 armhf 3.0.13-0ubuntu3.15 5288cc25ce8d2351ca710bf3de69bcc3c37d1db14b30a87bc481395eea3aa825 https://snapshot.ubuntu.com/ubuntu/20260910T000000Z/pool/main/o/openssl/libssl3t64_3.0.13-0ubuntu3.15_armhf.deb
libstdc++6 armhf 14.2.0-4ubuntu2~24.04.1 299e7e7a9933a4ca087c23a5757a70c7edcad3f4cc399cfec031cead6b393ce3 https://snapshot.ubuntu.com/ubuntu/20260910T000000Z/pool/main/g/gcc-14/libstdc++6_14.2.0-4ubuntu2~24.04.1_armhf.deb
libtasn1-6 armhf 4.19.0-3ubuntu0.24.04.2 1ee88071b66cb5ab5e2d728329190f608b75a25fdcb16c29ea9f0432e4f7232d https://snapshot.ubuntu.com/ubuntu/20260910T000000Z/pool/main/libt/libtasn1-6/libtasn1-6_4.19.0-3ubuntu0.24.04.2_armhf.deb
libunistring5 armhf 1.1-2build1.1 9f1d1338669970222e231a472961b06ee31a95895608a5c0be710a79b86157fd https://snapshot.ubuntu.com/ubuntu/20260910T000000Z/pool/main/libu/libunistring/libunistring5_1.1-2build1.1_armhf.deb
libuv1t64 armhf 1.48.0-1.1build1 c5bfa655f7f5fb1303a986c1d1d7aca85692b744fca5730c98594ece441009b4 https://snapshot.ubuntu.com/ubuntu/20260910T000000Z/pool/main/libu/libuv1/libuv1t64_1.48.0-1.1build1_armhf.deb
libxml2 armhf 2.9.14+dfsg-1.3ubuntu3.8 b283afec73f7b605cbb539668c204ccac1e6bd5880122cba49f866ff39353232 https://snapshot.ubuntu.com/ubuntu/20260910T000000Z/pool/main/libx/libxml2/libxml2_2.9.14+dfsg-1.3ubuntu3.8_armhf.deb
libzstd1 armhf 1.5.5+dfsg2-2build1.1 6caad7de164d7e64dc5b620110addc147484a62886b1c0f8ae834b1fd0a578eb https://snapshot.ubuntu.com/ubuntu/20260910T000000Z/pool/main/libz/libzstd/libzstd1_1.5.5+dfsg2-2build1.1_armhf.deb
make armhf 4.3-4.1build2 f054a14d26ad36378a23747f9e6fbcc7044c238ca08f7e83b455cad404bd0ecc https://snapshot.ubuntu.com/ubuntu/20260910T000000Z/pool/main/m/make-dfsg/make_4.3-4.1build2_armhf.deb
zlib1g armhf 1:1.3.dfsg-3.1ubuntu2.2 90cf45fc10186c178bde862984f39d7ecb2c4b5e716edddb64ec8906c753e8fa https://snapshot.ubuntu.com/ubuntu/20260910T000000Z/pool/main/z/zlib/zlib1g_1.3.dfsg-3.1ubuntu2.2_armhf.deb
binutils-aarch64-linux-gnu arm64 2.42-4ubuntu2.10 b5311d11d56f2daa82e952612b9578ef675af67714edb9aef7e3dc6cf2531575 https://snapshot.ubuntu.com/ubuntu/20260910T000000Z/pool/main/b/binutils/binutils-aarch64-linux-gnu_2.42-4ubuntu2.10_arm64.deb
cmake arm64 3.28.3-1build7 0bf2a58f636ad286e7f4552e709dfd1209a4d70056548a6c0c4965d7067e95a5 https://snapshot.ubuntu.com/ubuntu/20260910T000000Z/pool/main/c/cmake/cmake_3.28.3-1build7_arm64.deb
libacl1 arm64 2.3.2-1build1.1 ebc53ded654fcf4449df250cb563ff05f10d851e904e638f698dc7e921ffa47b https://snapshot.ubuntu.com/ubuntu/20260910T000000Z/pool/main/a/acl/libacl1_2.3.2-1build1.1_arm64.deb
libarchive13t64 arm64 3.7.2-2ubuntu0.8 19db1b28bf480c381244959a4ce29c7a54cc09120697f1e370ec4325c0dec650 https://snapshot.ubuntu.com/ubuntu/20260910T000000Z/pool/main/liba/libarchive/libarchive13t64_3.7.2-2ubuntu0.8_arm64.deb
libbrotli1 arm64 1.1.0-2build2 cabf3462d908e72f2e594f19ae87c581c4614f099947e38fbd865bf8eae27014 https://snapshot.ubuntu.com/ubuntu/20260910T000000Z/pool/main/b/brotli/libbrotli1_1.1.0-2build2_arm64.deb
libbz2-1.0 arm64 1.0.8-5.1ubuntu0.1 1a92811105f89bf948a629de99715ef23941ef93c901e0942883029069db3f94 https://snapshot.ubuntu.com/ubuntu/20260910T000000Z/pool/main/b/bzip2/libbz2-1.0_1.0.8-5.1ubuntu0.1_arm64.deb
libcom-err2 arm64 1.47.0-2.4~exp1ubuntu4.1 7bc569801d708551dd1eb8bf41feaadbc6191344e65d17f26ecf73a6f5b701dd https://snapshot.ubuntu.com/ubuntu/20260910T000000Z/pool/main/e/e2fsprogs/libcom-err2_1.47.0-2.4~exp1ubuntu4.1_arm64.deb
libctf-nobfd0 arm64 2.42-4ubuntu2.10 c80063890a430e42181e7ad3f0277bb563abc22d556fd5e65c798c4ee8318684 https://snapshot.ubuntu.com/ubuntu/20260910T000000Z/pool/main/b/binutils/libctf-nobfd0_2.42-4ubuntu2.10_arm64.deb
libcurl4t64 arm64 8.5.0-2ubuntu10.13 a83424c121f45320883b8e262229c4954fead6c57f379cbea454865ea44a6120 https://snapshot.ubuntu.com/ubuntu/20260910T000000Z/pool/main/c/curl/libcurl4t64_8.5.0-2ubuntu10.13_arm64.deb
libexpat1 arm64 2.6.1-2ubuntu0.4 284f48567ba2abe026e12ae351f5f4c3a489ce723f725eacfa51bf715aa94609 https://snapshot.ubuntu.com/ubuntu/20260910T000000Z/pool/main/e/expat/libexpat1_2.6.1-2ubuntu0.4_arm64.deb
libffi8 arm64 3.4.6-1build1 a4d4607144bc599328a913d7312761fd8f4a650d67c7d5058f1f3667d771d37c https://snapshot.ubuntu.com/ubuntu/20260910T000000Z/pool/main/libf/libffi/libffi8_3.4.6-1build1_arm64.deb
libgcc-s1 arm64 14.2.0-4ubuntu2~24.04.1 5b191f79ad985a9a653dbba45214619f729f9178a9bdf92f7c68db06c50d070b https://snapshot.ubuntu.com/ubuntu/20260910T000000Z/pool/main/g/gcc-14/libgcc-s1_14.2.0-4ubuntu2~24.04.1_arm64.deb
libgmp10 arm64 2:6.3.0+dfsg-2ubuntu6.1 5a783429ec1a29fb74a9a59c1699579dd9742bd35722280b9ce10e1f3916b003 https://snapshot.ubuntu.com/ubuntu/20260910T000000Z/pool/main/g/gmp/libgmp10_6.3.0+dfsg-2ubuntu6.1_arm64.deb
libgnutls30t64 arm64 3.8.3-1.1ubuntu3.6 18482c85067bcc8e2b3802d7c3bb87bd54acf4da228e760054e88ef1e125d80a https://snapshot.ubuntu.com/ubuntu/20260910T000000Z/pool/main/g/gnutls28/libgnutls30t64_3.8.3-1.1ubuntu3.6_arm64.deb
libgssapi-krb5-2 arm64 1.20.1-6ubuntu2.8 3f2aea0bbe7aa2dfc9a525c5bde7bcb6d035cd99975b80a24a09eadcfe5d7503 https://snapshot.ubuntu.com/ubuntu/20260910T000000Z/pool/main/k/krb5/libgssapi-krb5-2_1.20.1-6ubuntu2.8_arm64.deb
libhogweed6t64 arm64 3.9.1-2.2build1.1 1c252dfe2c1e458c47c6e674285c043e7940555581574a96c49defae26126883 https://snapshot.ubuntu.com/ubuntu/20260910T000000Z/pool/main/n/nettle/libhogweed6t64_3.9.1-2.2build1.1_arm64.deb
libicu74 arm64 74.2-1ubuntu3.1 48f93acf50dcf237a8d58ce366730a28438ce52d3f06d7a2a88b51261dd791f7 https://snapshot.ubuntu.com/ubuntu/20260910T000000Z/pool/main/i/icu/libicu74_74.2-1ubuntu3.1_arm64.deb
libidn2-0 arm64 2.3.7-2build1.1 5d21e1ff26d44b762efc8f94df2e1e1944c1d288a29059b3cf5e76e3bfdf2968 https://snapshot.ubuntu.com/ubuntu/20260910T000000Z/pool/main/libi/libidn2/libidn2-0_2.3.7-2build1.1_arm64.deb
libjsoncpp25 arm64 1.9.5-6build1 2ddcee633e150bd656b149bc687507bdc276080d91a2fe1f508898db20d130bc https://snapshot.ubuntu.com/ubuntu/20260910T000000Z/pool/main/libj/libjsoncpp/libjsoncpp25_1.9.5-6build1_arm64.deb
libk5crypto3 arm64 1.20.1-6ubuntu2.8 989dd6b8e5707c73a8982f8e97080fc7a0f359a912d7a1d7e4a8b9185442a696 https://snapshot.ubuntu.com/ubuntu/20260910T000000Z/pool/main/k/krb5/libk5crypto3_1.20.1-6ubuntu2.8_arm64.deb
libkeyutils1 arm64 1.6.3-3build1 d141e94ed3b32ea6540f2e927a83b3d42cd4378256a1aad60cda583ffdbd78af https://snapshot.ubuntu.com/ubuntu/20260910T000000Z/pool/main/k/keyutils/libkeyutils1_1.6.3-3build1_arm64.deb
libkrb5-3 arm64 1.20.1-6ubuntu2.8 ef9bcb4f46d80022072741af30df1b6b08a80a8c3c3bbb06e0e710f99e4dab44 https://snapshot.ubuntu.com/ubuntu/20260910T000000Z/pool/main/k/krb5/libkrb5-3_1.20.1-6ubuntu2.8_arm64.deb
libkrb5support0 arm64 1.20.1-6ubuntu2.8 ee2327c5501eec9d31f696cdd7a332509f90f130cde6180a5b99337deb7c39fe https://snapshot.ubuntu.com/ubuntu/20260910T000000Z/pool/main/k/krb5/libkrb5support0_1.20.1-6ubuntu2.8_arm64.deb
libldap2 arm64 2.6.10+dfsg-0ubuntu0.24.04.1 60893ca2782c2e52dc3b7b192be0169228beb91f7c87e93abaeca5871c5f16ee https://snapshot.ubuntu.com/ubuntu/20260910T000000Z/pool/main/o/openldap/libldap2_2.6.10+dfsg-0ubuntu0.24.04.1_arm64.deb
liblz4-1 arm64 1.9.4-1build1.1 65ab8cfe4aeb8205ef4f980500d2c8cb397cb49901ef12efad59f4ed7685cbe0 https://snapshot.ubuntu.com/ubuntu/20260910T000000Z/pool/main/l/lz4/liblz4-1_1.9.4-1build1.1_arm64.deb
liblzma5 arm64 5.6.1+really5.4.5-1ubuntu0.3 2f58fd7de725efd0dbebe9d4442049fdacd7c2e8242f4288a13a688d50507245 https://snapshot.ubuntu.com/ubuntu/20260910T000000Z/pool/main/x/xz-utils/liblzma5_5.6.1+really5.4.5-1ubuntu0.3_arm64.deb
libnettle8t64 arm64 3.9.1-2.2build1.1 c2943b87811fe1f35b7e67869810226652caf43a31bd32c8d3ce1b331700b008 https://snapshot.ubuntu.com/ubuntu/20260910T000000Z/pool/main/n/nettle/libnettle8t64_3.9.1-2.2build1.1_arm64.deb
libnghttp2-14 arm64 1.59.0-1ubuntu0.4 ec812e0b82dfb315b140020f4c8434191a89cf42c49dbb82605d0892b6783b59 https://snapshot.ubuntu.com/ubuntu/20260910T000000Z/pool/main/n/nghttp2/libnghttp2-14_1.59.0-1ubuntu0.4_arm64.deb
libp11-kit0 arm64 0.25.3-4ubuntu2.2 5c325f0354b6d347cbc97bce69e4efafacb11a685a0ac6fc271c1d52e6e8590c https://snapshot.ubuntu.com/ubuntu/20260910T000000Z/pool/main/p/p11-kit/libp11-kit0_0.25.3-4ubuntu2.2_arm64.deb
libpsl5t64 arm64 0.21.2-1.1build1 886d485c74567b855bcd19b6f353a769a08b58c111b2d8275a908a469c15d4bf https://snapshot.ubuntu.com/ubuntu/20260910T000000Z/pool/main/libp/libpsl/libpsl5t64_0.21.2-1.1build1_arm64.deb
librhash0 arm64 1.4.3-3build1 5406df3423dc0ce53a4f6ff0b786a597c7b5ad3b8e3a51a04bec85d5fe1ab82f https://snapshot.ubuntu.com/ubuntu/20260910T000000Z/pool/main/r/rhash/librhash0_1.4.3-3build1_arm64.deb
librtmp1 arm64 2.4+20151223.gitfa8646d.1-2build7 fb771b2743120d9d44ee9989fd485205680976f7bf89f2f1ac5df50238ea1db7 https://snapshot.ubuntu.com/ubuntu/20260910T000000Z/pool/main/r/rtmpdump/librtmp1_2.4+20151223.gitfa8646d.1-2build7_arm64.deb
libsasl2-2 arm64 2.1.28+dfsg1-5ubuntu3.1 05da24adf2b95285ce7eaf9a2ea902fbf4f756a796c8adbfd221d746035df44b https://snapshot.ubuntu.com/ubuntu/20260910T000000Z/pool/main/c/cyrus-sasl2/libsasl2-2_2.1.28+dfsg1-5ubuntu3.1_arm64.deb
libsframe1 arm64 2.42-4ubuntu2.10 4e2ef8c92da324c7f8e8f055c8c698e37c93b886602766e7e72ac178835c9a31 https://snapshot.ubuntu.com/ubuntu/20260910T000000Z/pool/main/b/binutils/libsframe1_2.42-4ubuntu2.10_arm64.deb
libssh-4 arm64 0.10.6-2ubuntu0.5 f1b8da917a3d65ca77918027206b55b69d62795df2676c39828d4439bc97e68f https://snapshot.ubuntu.com/ubuntu/20260910T000000Z/pool/main/libs/libssh/libssh-4_0.10.6-2ubuntu0.5_arm64.deb
libssl3t64 arm64 3.0.13-0ubuntu3.15 bf0b51fb18187c4e1b03900e1049dc219047080ff511aa3bf691dbe24e14d24a https://snapshot.ubuntu.com/ubuntu/20260910T000000Z/pool/main/o/openssl/libssl3t64_3.0.13-0ubuntu3.15_arm64.deb
libstdc++6 arm64 14.2.0-4ubuntu2~24.04.1 f84a05ac45a6884109b6527e911081a38263b89e042fc94a338cf975f61a330c https://snapshot.ubuntu.com/ubuntu/20260910T000000Z/pool/main/g/gcc-14/libstdc++6_14.2.0-4ubuntu2~24.04.1_arm64.deb
libtasn1-6 arm64 4.19.0-3ubuntu0.24.04.2 6ba0aeb2649f462519fbff8080fc10585c7f368f2162622e526e77e95c98dc96 https://snapshot.ubuntu.com/ubuntu/20260910T000000Z/pool/main/libt/libtasn1-6/libtasn1-6_4.19.0-3ubuntu0.24.04.2_arm64.deb
libunistring5 arm64 1.1-2build1.1 faa0cea6bf19c57cace839f7184c070f2f0f4efc41258b39625b0ed988f68100 https://snapshot.ubuntu.com/ubuntu/20260910T000000Z/pool/main/libu/libunistring/libunistring5_1.1-2build1.1_arm64.deb
libuv1t64 arm64 1.48.0-1.1build1 28bd1e33e5ff44f1878e757c42951bfafd26e92a5865b72ad33622e1251f45c2 https://snapshot.ubuntu.com/ubuntu/20260910T000000Z/pool/main/libu/libuv1/libuv1t64_1.48.0-1.1build1_arm64.deb
libxml2 arm64 2.9.14+dfsg-1.3ubuntu3.8 f833e07c5dffb9f7a26084522ef58854c4297982439a2affc94e20dbb495c696 https://snapshot.ubuntu.com/ubuntu/20260910T000000Z/pool/main/libx/libxml2/libxml2_2.9.14+dfsg-1.3ubuntu3.8_arm64.deb
libzstd1 arm64 1.5.5+dfsg2-2build1.1 ea7d6e9fde577ea14dbf07fdfb74d6287eb09c6cba4a9d63abdcb87b0ec54bcc https://snapshot.ubuntu.com/ubuntu/20260910T000000Z/pool/main/libz/libzstd/libzstd1_1.5.5+dfsg2-2build1.1_arm64.deb
make arm64 4.3-4.1build2 3bbbf5d426bc68fc232fc4e20f135aaf3eb76a514839acf82eeffa0dce9c81d4 https://snapshot.ubuntu.com/ubuntu/20260910T000000Z/pool/main/m/make-dfsg/make_4.3-4.1build2_arm64.deb
zlib1g arm64 1:1.3.dfsg-3.1ubuntu2.2 e55ab3b4fb7b6edc4a628e28ec13f8780b08abe427d33ae148f030d8586d0e9a https://snapshot.ubuntu.com/ubuntu/20260910T000000Z/pool/main/z/zlib/zlib1g_1.3.dfsg-3.1ubuntu2.2_arm64.deb
