# Consumer package lock v1: profile package architecture version sha256 repository-path
# Ubuntu Noble signed indexes; glibc 2.39-0ubuntu8.8 inherited from publisher's verified lock.
x86_64 libc6 amd64 2.39-0ubuntu8.8 3b8d5391b6b484a4c81fd000b6064885ad967ec3cb966bc57603f3fb3ebf0ed5 pool/main/g/glibc/libc6_2.39-0ubuntu8.8_amd64.deb
x86_64 libc6-dev amd64 2.39-0ubuntu8.8 bb8741966e7c1d2e2c0b84bb311717a0908fb563d9b2247b7212710e3cd88b94 pool/main/g/glibc/libc6-dev_2.39-0ubuntu8.8_amd64.deb
x86_64 linux-libc-dev amd64 6.8.0-139.139 f8292b3414cac372ec28ba484a45e3f18b3ac5fc7872ca82661835286f1c5865 pool/main/l/linux/linux-libc-dev_6.8.0-139.139_amd64.deb
x86_64 libcrypt1 amd64 1:4.4.36-4build1 9474785cd6f398512bf8c305c3901dbb111569dccb6f5832002373c0a8ac5832 pool/main/libx/libxcrypt/libcrypt1_4.4.36-4build1_amd64.deb
x86_64 libcrypt-dev amd64 1:4.4.36-4build1 2edff420ef80b4a3f3751e65c33423ef30e563122a58b759e4854ea8d84ba1b1 pool/main/libx/libxcrypt/libcrypt-dev_4.4.36-4build1_amd64.deb
x86_64 libstdc++-13-dev amd64 13.3.0-6ubuntu2~24.04.1 ee5633e863e19c3381ed97842ce35ed32ede96a3d1ae4e94c051d3036fe21347 pool/main/g/gcc-13/libstdc++-13-dev_13.3.0-6ubuntu2~24.04.1_amd64.deb
x86_64 libgcc-13-dev amd64 13.3.0-6ubuntu2~24.04.1 cd689db2691edaa10f37329307292796bb599e722e0505c79e14caaa1fe9a93a pool/main/g/gcc-13/libgcc-13-dev_13.3.0-6ubuntu2~24.04.1_amd64.deb
x86_64 gcc-13-base amd64 13.3.0-6ubuntu2~24.04.1 e859aca26585bb91113a451f1e66bc0e5283cb08797d679aacc1d936ae6dff8e pool/main/g/gcc-13/gcc-13-base_13.3.0-6ubuntu2~24.04.1_amd64.deb
x86_64 libstdc++6 amd64 14.2.0-4ubuntu2~24.04.1 a51f8de7829211db961a31f02158058ad1a95f92ac6d0a5dff6350e2821c54c0 pool/main/g/gcc-14/libstdc++6_14.2.0-4ubuntu2~24.04.1_amd64.deb
x86_64 libgcc-s1 amd64 14.2.0-4ubuntu2~24.04.1 aa7fadbe33b78bcf99885318040601c550c208929565b179891d9a3cc2aa68cd pool/main/g/gcc-14/libgcc-s1_14.2.0-4ubuntu2~24.04.1_amd64.deb
x86_64 gcc-14-base amd64 14.2.0-4ubuntu2~24.04.1 b95c172411a7fdae70307cf33a9f5320ba5e056b556454543dd5b679d5ce1c4f pool/main/g/gcc-14/gcc-14-base_14.2.0-4ubuntu2~24.04.1_amd64.deb
x86_64 libarchive-dev amd64 3.7.2-2ubuntu0.8 b96ae9f4b3a0bbebe32fae09782321115af9b7c067bbcb27b3ca739140bc2311 pool/main/liba/libarchive/libarchive-dev_3.7.2-2ubuntu0.8_amd64.deb
x86_64 libarchive13t64 amd64 3.7.2-2ubuntu0.8 ba9684092d71656a3bfd909518c76cc15eefeef9cbac0a36a8cef5632c62f56f pool/main/liba/libarchive/libarchive13t64_3.7.2-2ubuntu0.8_amd64.deb
x86_64 libacl1 amd64 2.3.2-1build1.1 f2bfd3f8f00413d5f1f04fc723063803c56ac0f1e0efae3bc41f2d7276972ec3 pool/main/a/acl/libacl1_2.3.2-1build1.1_amd64.deb
x86_64 libbz2-1.0 amd64 1.0.8-5.1ubuntu0.1 36ee08b00b1ee5018b2fce02881b7d2d73c9b4e32990bde3388400d86c48126a pool/main/b/bzip2/libbz2-1.0_1.0.8-5.1ubuntu0.1_amd64.deb
x86_64 liblz4-1 amd64 1.9.4-1build1.1 319331270d5cc52d5ebffe51c941d7b01b432bc402c2924b557209a64d4ecbad pool/main/l/lz4/liblz4-1_1.9.4-1build1.1_amd64.deb
x86_64 liblzma5 amd64 5.6.1+really5.4.5-1ubuntu0.3 d2eabd41ca77d2c2dd9d5d4ef478cccb64ffde6279c47cf4699a857d46785a52 pool/main/x/xz-utils/liblzma5_5.6.1+really5.4.5-1ubuntu0.3_amd64.deb
x86_64 libnettle8t64 amd64 3.9.1-2.2build1.1 6d97fbc1972633083f08f51ccab433606c97bbceb897c631c66495117ca3406f pool/main/n/nettle/libnettle8t64_3.9.1-2.2build1.1_amd64.deb
x86_64 libxml2 amd64 2.9.14+dfsg-1.3ubuntu3.8 bfd07c01d6e5ab3e327f3ca5819409b1914bbfb3f1a016d53e4dabd5f96143bb pool/main/libx/libxml2/libxml2_2.9.14+dfsg-1.3ubuntu3.8_amd64.deb
x86_64 libicu74 amd64 74.2-1ubuntu3.1 c9a70989678660eed9a1e904c74fa043da8bec8e2036856fc16e31ced79b04f8 pool/main/i/icu/libicu74_74.2-1ubuntu3.1_amd64.deb
x86_64 zlib1g amd64 1:1.3.dfsg-3.1ubuntu2.2 84b9cf5752b29c9f92c27cd4c4ba9bbcc70b5ccf9b1b515421a28ae23212e273 pool/main/z/zlib/zlib1g_1.3.dfsg-3.1ubuntu2.2_amd64.deb
x86_64 zlib1g-dev amd64 1:1.3.dfsg-3.1ubuntu2.2 e9152a08af21ab22bc99e8bfa98f1eb83955b2cc3653bcefecab394ecf9d1b63 pool/main/z/zlib/zlib1g-dev_1.3.dfsg-3.1ubuntu2.2_amd64.deb
x86_64 libzstd1 amd64 1.5.5+dfsg2-2build1.1 dfcf25061e07aad7efd3f4f880ba5ad4d4d09ebe7fc8cc77ab6b8a161d6d4727 pool/main/libz/libzstd/libzstd1_1.5.5+dfsg2-2build1.1_amd64.deb
x86_64 libzstd-dev amd64 1.5.5+dfsg2-2build1.1 6c9d2b5677a4677e9ead62f74723bb919113621a8028ed543a4d78952d54d165 pool/main/libz/libzstd/libzstd-dev_1.5.5+dfsg2-2build1.1_amd64.deb
i686 libc6 i386 2.39-0ubuntu8.8 a23dff90f87abb0b2d5830c4adbf35403e058b0485521b51a3dbb34a153b2ab3 pool/main/g/glibc/libc6_2.39-0ubuntu8.8_i386.deb
i686 libc6-dev i386 2.39-0ubuntu8.8 d178e7da29612649b38ad243159aa052dd234db6cdeb84b54e60ad22d00659d2 pool/main/g/glibc/libc6-dev_2.39-0ubuntu8.8_i386.deb
i686 linux-libc-dev i386 6.8.0-139.139 e3c6fc0e929f28c3968298fb67abba40049c23ce71350163846b0ce066d79160 pool/main/l/linux/linux-libc-dev_6.8.0-139.139_i386.deb
i686 libcrypt1 i386 1:4.4.36-4build1 f5da32cc8d416faf2de045917448a272dbba1896b5e244577edb92cb24f42292 pool/main/libx/libxcrypt/libcrypt1_4.4.36-4build1_i386.deb
i686 libcrypt-dev i386 1:4.4.36-4build1 037f6c06930b97d42cbde388d9191b31831b025bfcf858291e2ad883caa60ed7 pool/main/libx/libxcrypt/libcrypt-dev_4.4.36-4build1_i386.deb
i686 libstdc++-13-dev i386 13.3.0-6ubuntu2~24.04.1 3561fece67ff00cd4eadb91cc92aca1ba30ab33067b942e539a7102e78401c02 pool/main/g/gcc-13/libstdc++-13-dev_13.3.0-6ubuntu2~24.04.1_i386.deb
i686 libgcc-13-dev i386 13.3.0-6ubuntu2~24.04.1 c3dcca913e99f244de663a1d0d22a1594a01b6540375a4dc838d13171bb6b826 pool/main/g/gcc-13/libgcc-13-dev_13.3.0-6ubuntu2~24.04.1_i386.deb
i686 gcc-13-base i386 13.3.0-6ubuntu2~24.04.1 216baed0c8970c4916b211129b6ecff21f1de9c99298ab87dfdc0c0df42ba214 pool/main/g/gcc-13/gcc-13-base_13.3.0-6ubuntu2~24.04.1_i386.deb
i686 libstdc++6 i386 14.2.0-4ubuntu2~24.04.1 899d77d8b4876f545bd362f60cb4aa0263a8033777e9ecca4742c890c4c54a68 pool/main/g/gcc-14/libstdc++6_14.2.0-4ubuntu2~24.04.1_i386.deb
i686 libgcc-s1 i386 14.2.0-4ubuntu2~24.04.1 40879f5dae85f90837ce882527bb85e388fa0e57f7ec4fba2060f1d24ce3dbb7 pool/main/g/gcc-14/libgcc-s1_14.2.0-4ubuntu2~24.04.1_i386.deb
i686 gcc-14-base i386 14.2.0-4ubuntu2~24.04.1 ef81dce1958c4d75dafac72aeb1568963178d72e85449d08565775e028cf41c0 pool/main/g/gcc-14/gcc-14-base_14.2.0-4ubuntu2~24.04.1_i386.deb
i686 libarchive-dev i386 3.7.2-2ubuntu0.8 5d4c48e313fb0ad0daab39218ba8b0f5ae212ef507d59bc8dd25bd7e6eaaf78f pool/main/liba/libarchive/libarchive-dev_3.7.2-2ubuntu0.8_i386.deb
i686 libarchive13t64 i386 3.7.2-2ubuntu0.8 207ac453da57f4ce3f2a2319ea73bbef9a642493dfebb7953c03e2866dc19875 pool/main/liba/libarchive/libarchive13t64_3.7.2-2ubuntu0.8_i386.deb
i686 libacl1 i386 2.3.2-1build1.1 cea433cef1794564f07cdc07de4bf56f7fcdb9ebb3ceb2592dd89002181e0795 pool/main/a/acl/libacl1_2.3.2-1build1.1_i386.deb
i686 libbz2-1.0 i386 1.0.8-5.1ubuntu0.1 d112e23c03c49a3dcb5859fafd855cf968b0115c1c146c2fa9209ba7e7c27dd3 pool/main/b/bzip2/libbz2-1.0_1.0.8-5.1ubuntu0.1_i386.deb
i686 liblz4-1 i386 1.9.4-1build1.1 e096bf00e5f2551d2d88df3f8ae0e5743170035ce9e96065a2b6cfa584a88b93 pool/main/l/lz4/liblz4-1_1.9.4-1build1.1_i386.deb
i686 liblzma5 i386 5.6.1+really5.4.5-1ubuntu0.3 c9bb67bd5a43a42d1730518ee40ff80b413e48676b62352208119e3bfec39de2 pool/main/x/xz-utils/liblzma5_5.6.1+really5.4.5-1ubuntu0.3_i386.deb
i686 libnettle8t64 i386 3.9.1-2.2build1.1 6f5a7b0f274097788aabc6e298583872c5eb482e967cc56281d75d4305b23086 pool/main/n/nettle/libnettle8t64_3.9.1-2.2build1.1_i386.deb
i686 libxml2 i386 2.9.14+dfsg-1.3ubuntu3.8 bffd74683859a2237603b2275c14d6eda9340395b5af2dae4ef1938ee94009cd pool/main/libx/libxml2/libxml2_2.9.14+dfsg-1.3ubuntu3.8_i386.deb
i686 libicu74 i386 74.2-1ubuntu3.1 034d5efa522c96674969971c5bfe36e00fbc3b08dd33e93a7603141f91bef516 pool/main/i/icu/libicu74_74.2-1ubuntu3.1_i386.deb
i686 zlib1g i386 1:1.3.dfsg-3.1ubuntu2.2 9f55e910e56efb27ce25ae5b6711bef6a6166f3f9c32b433695e5e1cd200a70c pool/main/z/zlib/zlib1g_1.3.dfsg-3.1ubuntu2.2_i386.deb
i686 zlib1g-dev i386 1:1.3.dfsg-3.1ubuntu2.2 6a5cada6361d3325b4b2949a9fe4f944549bb8cae9c4301b9d90f2f041c161d3 pool/main/z/zlib/zlib1g-dev_1.3.dfsg-3.1ubuntu2.2_i386.deb
i686 libzstd1 i386 1.5.5+dfsg2-2build1.1 9fad638b06c300c4d3645864446116635e74a15042e87693f15802b914a1b45c pool/main/libz/libzstd/libzstd1_1.5.5+dfsg2-2build1.1_i386.deb
i686 libzstd-dev i386 1.5.5+dfsg2-2build1.1 20afe5865675cac20d622a14e5334f5073649853445977c5fe9d00d1c9387328 pool/main/libz/libzstd/libzstd-dev_1.5.5+dfsg2-2build1.1_i386.deb
armv7 libc6 armhf 2.39-0ubuntu8.8 3e60a564f914789fe8be23dece5b0b76bf20e7700df924274799b6afb27ea26d pool/main/g/glibc/libc6_2.39-0ubuntu8.8_armhf.deb
armv7 libc6-dev armhf 2.39-0ubuntu8.8 158f1a207febeb4cddbd924e77dd8f5eb6b7b2f032bd6dc603aa62cb862e6809 pool/main/g/glibc/libc6-dev_2.39-0ubuntu8.8_armhf.deb
armv7 linux-libc-dev armhf 6.8.0-139.139 3cb08eab0839109ff5e7c3526f0c17dffa91668a2ebe1b1adbb2edae217580d9 pool/main/l/linux/linux-libc-dev_6.8.0-139.139_armhf.deb
armv7 libcrypt1 armhf 1:4.4.36-4build1 198990e999add09e21b0ab3522c94333a0e135656c7f00960f534cec15477a74 pool/main/libx/libxcrypt/libcrypt1_4.4.36-4build1_armhf.deb
armv7 libcrypt-dev armhf 1:4.4.36-4build1 58010a8f588477dae4444f3b92636ef4e02aa2d21ab4587d33702299163a5380 pool/main/libx/libxcrypt/libcrypt-dev_4.4.36-4build1_armhf.deb
armv7 libstdc++-13-dev armhf 13.3.0-6ubuntu2~24.04.1 5d28a3a961c8c6d3fe097c0b9dcaa3c05cc1168b896fb029943fc872b2f78263 pool/main/g/gcc-13/libstdc++-13-dev_13.3.0-6ubuntu2~24.04.1_armhf.deb
armv7 libgcc-13-dev armhf 13.3.0-6ubuntu2~24.04.1 369b9e111a59663c8eeeca4b54567ff402e4402347d13485d251835f46d66afd pool/main/g/gcc-13/libgcc-13-dev_13.3.0-6ubuntu2~24.04.1_armhf.deb
armv7 gcc-13-base armhf 13.3.0-6ubuntu2~24.04.1 bea04c055d4399cd26f45b30ffe214ea48306a9a504507f35647d51612734c74 pool/main/g/gcc-13/gcc-13-base_13.3.0-6ubuntu2~24.04.1_armhf.deb
armv7 libstdc++6 armhf 14.2.0-4ubuntu2~24.04.1 299e7e7a9933a4ca087c23a5757a70c7edcad3f4cc399cfec031cead6b393ce3 pool/main/g/gcc-14/libstdc++6_14.2.0-4ubuntu2~24.04.1_armhf.deb
armv7 libgcc-s1 armhf 14.2.0-4ubuntu2~24.04.1 0d1e93162ffa3d369e2b2452b5d4a98b298a9f64311de237d0080e46e6b72dac pool/main/g/gcc-14/libgcc-s1_14.2.0-4ubuntu2~24.04.1_armhf.deb
armv7 gcc-14-base armhf 14.2.0-4ubuntu2~24.04.1 2acd21ae31fdc0f80cd331a4baabc7adb18dbac9fde1f05c00854e190fa54a9a pool/main/g/gcc-14/gcc-14-base_14.2.0-4ubuntu2~24.04.1_armhf.deb
armv7 libarchive-dev armhf 3.7.2-2ubuntu0.8 7be6c7edefcb8513b3273a58d416e5112981ea6997583b1bbb63f816e62f255e pool/main/liba/libarchive/libarchive-dev_3.7.2-2ubuntu0.8_armhf.deb
armv7 libarchive13t64 armhf 3.7.2-2ubuntu0.8 4c0e1eb5f037b323c8dcc3ea49e03243cd4412160c76079ef3903b6cd80591b8 pool/main/liba/libarchive/libarchive13t64_3.7.2-2ubuntu0.8_armhf.deb
armv7 libacl1 armhf 2.3.2-1build1.1 bb451b039adb215fe54ed38846a83b8bf54a5cfcff6c6a857f32c18dedaf7764 pool/main/a/acl/libacl1_2.3.2-1build1.1_armhf.deb
armv7 libbz2-1.0 armhf 1.0.8-5.1ubuntu0.1 058331379bcb5a735e5506b75c098c62e2de203836618972806335ebb9624354 pool/main/b/bzip2/libbz2-1.0_1.0.8-5.1ubuntu0.1_armhf.deb
armv7 liblz4-1 armhf 1.9.4-1build1.1 1dcf3be4ce0b0a020833c95e0b00d9809141fc593dba91150735bb3bde875cf8 pool/main/l/lz4/liblz4-1_1.9.4-1build1.1_armhf.deb
armv7 liblzma5 armhf 5.6.1+really5.4.5-1ubuntu0.3 55652dbd67da7e5d6311c56876eaaba639f8518f12cc3a767a2669a13d6149b6 pool/main/x/xz-utils/liblzma5_5.6.1+really5.4.5-1ubuntu0.3_armhf.deb
armv7 libnettle8t64 armhf 3.9.1-2.2build1.1 230be2cdc84a7fba2f2f34fba2aa24ed0b3a1b935e75cf8b783e3612037cb7fc pool/main/n/nettle/libnettle8t64_3.9.1-2.2build1.1_armhf.deb
armv7 libxml2 armhf 2.9.14+dfsg-1.3ubuntu3.8 b283afec73f7b605cbb539668c204ccac1e6bd5880122cba49f866ff39353232 pool/main/libx/libxml2/libxml2_2.9.14+dfsg-1.3ubuntu3.8_armhf.deb
armv7 libicu74 armhf 74.2-1ubuntu3.1 194762b6dce9c01e16fb047817d050e7be29482466f33c396fc9a4826261f63a pool/main/i/icu/libicu74_74.2-1ubuntu3.1_armhf.deb
armv7 zlib1g armhf 1:1.3.dfsg-3.1ubuntu2.2 90cf45fc10186c178bde862984f39d7ecb2c4b5e716edddb64ec8906c753e8fa pool/main/z/zlib/zlib1g_1.3.dfsg-3.1ubuntu2.2_armhf.deb
armv7 zlib1g-dev armhf 1:1.3.dfsg-3.1ubuntu2.2 40822d18a219bb7b763a9454e2a81c751ef98edbfb959defead064a654363b1c pool/main/z/zlib/zlib1g-dev_1.3.dfsg-3.1ubuntu2.2_armhf.deb
armv7 libzstd1 armhf 1.5.5+dfsg2-2build1.1 6caad7de164d7e64dc5b620110addc147484a62886b1c0f8ae834b1fd0a578eb pool/main/libz/libzstd/libzstd1_1.5.5+dfsg2-2build1.1_armhf.deb
armv7 libzstd-dev armhf 1.5.5+dfsg2-2build1.1 a64bdb61eb7bb51bd75f679b4ae7f23ba8f1e8b5f65cbe876b88ce0e76feeaf6 pool/main/libz/libzstd/libzstd-dev_1.5.5+dfsg2-2build1.1_armhf.deb
armv7 libclang-rt-18-dev armhf 1:18.1.3-1ubuntu1 b67ad356840a3147eca51c3a1d4754bb5aca3ecb60796067332bf18c6f93a50d pool/universe/l/llvm-toolchain-18/libclang-rt-18-dev_18.1.3-1ubuntu1_armhf.deb
armv7 libatomic1 armhf 14.2.0-4ubuntu2~24.04.1 f318d081898cf9fd4a77fd8ba34b70d8827dd6e30ff2d22dffb89c4a11a905be pool/main/g/gcc-14/libatomic1_14.2.0-4ubuntu2~24.04.1_armhf.deb
aarch64 libc6 arm64 2.39-0ubuntu8.8 2c6010da71b668e210aedaaac2b71fca3eef810e331710dd7c02b8c40ea16de8 pool/main/g/glibc/libc6_2.39-0ubuntu8.8_arm64.deb
aarch64 libc6-dev arm64 2.39-0ubuntu8.8 5c061108bcf6bf1b7d3dfc4da8b0e744a0ec5565cc2718557ddbd83e64b1e0c6 pool/main/g/glibc/libc6-dev_2.39-0ubuntu8.8_arm64.deb
aarch64 linux-libc-dev arm64 6.8.0-139.139 673684ae380e365c4aacbba22ee233d7d2aebe695a87d4dbc62cf873febb970a pool/main/l/linux/linux-libc-dev_6.8.0-139.139_arm64.deb
aarch64 libcrypt1 arm64 1:4.4.36-4build1 5cd73ba112507dabd8e43b528ca9f530719a370e014b8e3e797770e6e940cccf pool/main/libx/libxcrypt/libcrypt1_4.4.36-4build1_arm64.deb
aarch64 libcrypt-dev arm64 1:4.4.36-4build1 cadcc00021aa1082a8cb5cd1c2686b25b7a4d396f2029eaa1b12159ca46f1766 pool/main/libx/libxcrypt/libcrypt-dev_4.4.36-4build1_arm64.deb
aarch64 libstdc++-13-dev arm64 13.3.0-6ubuntu2~24.04.1 e4911c9281d73b318ca47cb7976011a7dc13e299a91a06bc6d3e2d174cc2ce51 pool/main/g/gcc-13/libstdc++-13-dev_13.3.0-6ubuntu2~24.04.1_arm64.deb
aarch64 libgcc-13-dev arm64 13.3.0-6ubuntu2~24.04.1 609a9410d9a1f25a1cb7847de92ee9f438336a0a3a82d282c3686f52ddd61526 pool/main/g/gcc-13/libgcc-13-dev_13.3.0-6ubuntu2~24.04.1_arm64.deb
aarch64 gcc-13-base arm64 13.3.0-6ubuntu2~24.04.1 1c1ca489da0d48237036318189a9b6525abe7703b75495f257f68bccae8c45a7 pool/main/g/gcc-13/gcc-13-base_13.3.0-6ubuntu2~24.04.1_arm64.deb
aarch64 libstdc++6 arm64 14.2.0-4ubuntu2~24.04.1 f84a05ac45a6884109b6527e911081a38263b89e042fc94a338cf975f61a330c pool/main/g/gcc-14/libstdc++6_14.2.0-4ubuntu2~24.04.1_arm64.deb
aarch64 libgcc-s1 arm64 14.2.0-4ubuntu2~24.04.1 5b191f79ad985a9a653dbba45214619f729f9178a9bdf92f7c68db06c50d070b pool/main/g/gcc-14/libgcc-s1_14.2.0-4ubuntu2~24.04.1_arm64.deb
aarch64 gcc-14-base arm64 14.2.0-4ubuntu2~24.04.1 bddbe21061fdc73a23e7de79ece91693bf61aa22d634d1c69c5048385c114968 pool/main/g/gcc-14/gcc-14-base_14.2.0-4ubuntu2~24.04.1_arm64.deb
aarch64 libarchive-dev arm64 3.7.2-2ubuntu0.8 17f3c0870b8d131b7263da9276444a26df30326709c5d2dc6758c594b39c641f pool/main/liba/libarchive/libarchive-dev_3.7.2-2ubuntu0.8_arm64.deb
aarch64 libarchive13t64 arm64 3.7.2-2ubuntu0.8 19db1b28bf480c381244959a4ce29c7a54cc09120697f1e370ec4325c0dec650 pool/main/liba/libarchive/libarchive13t64_3.7.2-2ubuntu0.8_arm64.deb
aarch64 libacl1 arm64 2.3.2-1build1.1 ebc53ded654fcf4449df250cb563ff05f10d851e904e638f698dc7e921ffa47b pool/main/a/acl/libacl1_2.3.2-1build1.1_arm64.deb
aarch64 libbz2-1.0 arm64 1.0.8-5.1ubuntu0.1 1a92811105f89bf948a629de99715ef23941ef93c901e0942883029069db3f94 pool/main/b/bzip2/libbz2-1.0_1.0.8-5.1ubuntu0.1_arm64.deb
aarch64 liblz4-1 arm64 1.9.4-1build1.1 65ab8cfe4aeb8205ef4f980500d2c8cb397cb49901ef12efad59f4ed7685cbe0 pool/main/l/lz4/liblz4-1_1.9.4-1build1.1_arm64.deb
aarch64 liblzma5 arm64 5.6.1+really5.4.5-1ubuntu0.3 2f58fd7de725efd0dbebe9d4442049fdacd7c2e8242f4288a13a688d50507245 pool/main/x/xz-utils/liblzma5_5.6.1+really5.4.5-1ubuntu0.3_arm64.deb
aarch64 libnettle8t64 arm64 3.9.1-2.2build1.1 c2943b87811fe1f35b7e67869810226652caf43a31bd32c8d3ce1b331700b008 pool/main/n/nettle/libnettle8t64_3.9.1-2.2build1.1_arm64.deb
aarch64 libxml2 arm64 2.9.14+dfsg-1.3ubuntu3.8 f833e07c5dffb9f7a26084522ef58854c4297982439a2affc94e20dbb495c696 pool/main/libx/libxml2/libxml2_2.9.14+dfsg-1.3ubuntu3.8_arm64.deb
aarch64 libicu74 arm64 74.2-1ubuntu3.1 48f93acf50dcf237a8d58ce366730a28438ce52d3f06d7a2a88b51261dd791f7 pool/main/i/icu/libicu74_74.2-1ubuntu3.1_arm64.deb
aarch64 zlib1g arm64 1:1.3.dfsg-3.1ubuntu2.2 e55ab3b4fb7b6edc4a628e28ec13f8780b08abe427d33ae148f030d8586d0e9a pool/main/z/zlib/zlib1g_1.3.dfsg-3.1ubuntu2.2_arm64.deb
aarch64 zlib1g-dev arm64 1:1.3.dfsg-3.1ubuntu2.2 de750f2515144715015e792c391bfa2ab4a926db6c370ba519af576bb3f131b5 pool/main/z/zlib/zlib1g-dev_1.3.dfsg-3.1ubuntu2.2_arm64.deb
aarch64 libzstd1 arm64 1.5.5+dfsg2-2build1.1 ea7d6e9fde577ea14dbf07fdfb74d6287eb09c6cba4a9d63abdcb87b0ec54bcc pool/main/libz/libzstd/libzstd1_1.5.5+dfsg2-2build1.1_arm64.deb
aarch64 libzstd-dev arm64 1.5.5+dfsg2-2build1.1 b7cfd2e0637aa0e44bbd342f9fc8b18db545df53151d252c10731540e9dfdf78 pool/main/libz/libzstd/libzstd-dev_1.5.5+dfsg2-2build1.1_arm64.deb
aarch64 libclang-rt-18-dev arm64 1:18.1.3-1ubuntu1 beeaeb2d07108677b2c1b6c4dd18501538e103d585f461cd736cd5f4fc6b98a8 pool/universe/l/llvm-toolchain-18/libclang-rt-18-dev_18.1.3-1ubuntu1_arm64.deb
aarch64 libatomic1 arm64 14.2.0-4ubuntu2~24.04.1 fdeab74e7ad8572cf69c7024e8040c7ac851f6e667d35f0d429e7a0352840f73 pool/main/g/gcc-14/libatomic1_14.2.0-4ubuntu2~24.04.1_arm64.deb
